
Microsoft Visual Studio Solution File, Format Version 12.00
# Visual Studio Version 17
VisualStudioVersion = 17.14.36518.9
MinimumVisualStudioVersion = 10.0.40219.1
Project("{FAE04EC0-301F-11D3-BF4B-00C04F79EFBC}") = "UserCardAction", "UserCardAction\UserCardAction.csproj", "{1BA7E601-1289-41DF-AFAE-3EFBF2928403}"
EndProject
Project("{FAE04EC0-301F-11D3-BF4B-00C04F79EFBC}") = "UserCard.DAL", "UserCard.DAL\UserCard.DAL.csproj", "{92973971-CE7F-4B2B-A3BB-0D915E6F8F27}"
EndProject
Project("{FAE04EC0-301F-11D3-BF4B-00C04F79EFBC}") = "UserCard.Common", "UserCard.Common\UserCard.Common.csproj", "{CBB0C79B-627C-49D0-B9A0-C78B131CF78B}"
EndProject
Project("{FAE04EC0-301F-11D3-BF4B-00C04F79EFBC}") = "UserCard.BL", "UserCard.BL\UserCard.BL.csproj", "{EBAAF321-190F-4264-9368-8B8889E936BF}"
EndProject
Global
	GlobalSection(SolutionConfigurationPlatforms) = preSolution
		Debug|Any CPU = Debug|Any CPU
		Release|Any CPU = Release|Any CPU
	EndGlobalSection
	GlobalSection(ProjectConfigurationPlatforms) = postSolution
		{1BA7E601-1289-41DF-AFAE-3EFBF2928403}.Debug|Any CPU.ActiveCfg = Debug|Any CPU
		{1BA7E601-1289-41DF-AFAE-3EFBF2928403}.Debug|Any CPU.Build.0 = Debug|Any CPU
		{1BA7E601-1289-41DF-AFAE-3EFBF2928403}.Release|Any CPU.ActiveCfg = Release|Any CPU
		{1BA7E601-1289-41DF-AFAE-3EFBF2928403}.Release|Any CPU.Build.0 = Release|Any CPU
		{92973971-CE7F-4B2B-A3BB-0D915E6F8F27}.Debug|Any CPU.ActiveCfg = Debug|Any CPU
		{92973971-CE7F-4B2B-A3BB-0D915E6F8F27}.Debug|Any CPU.Build.0 = Debug|Any CPU
		{92973971-CE7F-4B2B-A3BB-0D915E6F8F27}.Release|Any CPU.ActiveCfg = Release|Any CPU
		{92973971-CE7F-4B2B-A3BB-0D915E6F8F27}.Release|Any CPU.Build.0 = Release|Any CPU
		{CBB0C79B-627C-49D0-B9A0-C78B131CF78B}.Debug|Any CPU.ActiveCfg = Debug|Any CPU
		{CBB0C79B-627C-49D0-B9A0-C78B131CF78B}.Debug|Any CPU.Build.0 = Debug|Any CPU
		{CBB0C79B-627C-49D0-B9A0-C78B131CF78B}.Release|Any CPU.ActiveCfg = Release|Any CPU
		{CBB0C79B-627C-49D0-B9A0-C78B131CF78B}.Release|Any CPU.Build.0 = Release|Any CPU
		{EBAAF321-190F-4264-9368-8B8889E936BF}.Debug|Any CPU.ActiveCfg = Debug|Any CPU
		{EBAAF321-190F-4264-9368-8B8889E936BF}.Debug|Any CPU.Build.0 = Debug|Any CPU
		{EBAAF321-190F-4264-9368-8B8889E936BF}.Release|Any CPU.ActiveCfg = Release|Any CPU
		{EBAAF321-190F-4264-9368-8B8889E936BF}.Release|Any CPU.Build.0 = Release|Any CPU
	EndGlobalSection
	GlobalSection(SolutionProperties) = preSolution
		HideSolutionNode = FALSE
	EndGlobalSection
	GlobalSection(ExtensibilityGlobals) = postSolution
		SolutionGuid = {16D90E24-BD0A-418A-991D-288663D07B26}
	EndGlobalSection
EndGlobal
